
Microsoft Visual Studio Solution File, Format Version 12.00
# Visual Studio Version 17
VisualStudioVersion = 17.11.35312.102
MinimumVisualStudioVersion = 10.0.40219.1
Project("{FAE04EC0-301F-11D3-BF4B-00C04F79EFBC}") = "MauiAppHotel2", "MauiAppHotel2\MauiAppHotel2.csproj", "{A3A21484-ADC5-485A-9CFD-FBE54A4CB09E}"
EndProject
Global
	GlobalSection(SolutionConfigurationPlatforms) = preSolution
		Debug|Any CPU = Debug|Any CPU
		Release|Any CPU = Release|Any CPU
	EndGlobalSection
	GlobalSection(ProjectConfigurationPlatforms) = postSolution
		{A3A21484-ADC5-485A-9CFD-FBE54A4CB09E}.Debug|Any CPU.ActiveCfg = Debug|Any CPU
		{A3A21484-ADC5-485A-9CFD-FBE54A4CB09E}.Debug|Any CPU.Build.0 = Debug|Any CPU
		{A3A21484-ADC5-485A-9CFD-FBE54A4CB09E}.Debug|Any CPU.Deploy.0 = Debug|Any CPU
		{A3A21484-ADC5-485A-9CFD-FBE54A4CB09E}.Release|Any CPU.ActiveCfg = Release|Any CPU
		{A3A21484-ADC5-485A-9CFD-FBE54A4CB09E}.Release|Any CPU.Build.0 = Release|Any CPU
		{A3A21484-ADC5-485A-9CFD-FBE54A4CB09E}.Release|Any CPU.Deploy.0 = Release|Any CPU
	EndGlobalSection
	GlobalSection(SolutionProperties) = preSolution
		HideSolutionNode = FALSE
	EndGlobalSection
	GlobalSection(ExtensibilityGlobals) = postSolution
		SolutionGuid = {6D6C0928-8A91-4D74-BC33-BC4CC7A72A3E}
	EndGlobalSection
EndGlobal
